// !$*UTF8*$!
{
	archiveVersion = 1;
	classes = {
	};
	objectVersion = 46;
	objects = {

/* Begin PBXBuildFile section */
		9F7C687D1CE24D62006CC694 /* AppDelegate.swift in Sources */ = {isa = PBXBuildFile; fileRef = 9F7C687C1CE24D62006CC694 /* AppDelegate.swift */; };
		9F7C687F1CE24D62006CC694 /* ViewController.swift in Sources */ = {isa = PBXBuildFile; fileRef = 9F7C687E1CE24D62006CC694 /* ViewController.swift */; };
		9F7C68841CE24D62006CC694 /* Assets.xcassets in Resources */ = {isa = PBXBuildFile; fileRef = 9F7C68831CE24D62006CC694 /* Assets.xcassets */; };
		9F7C68871CE24D62006CC694 /* LaunchScreen.storyboard in Resources */ = {isa = PBXBuildFile; fileRef = 9F7C68851CE24D62006CC694 /* LaunchScreen.storyboard */; };
		9F7C68901CE24EA1006CC694 /* Main.storyboard in Resources */ = {isa = PBXBuildFile; fileRef = 9F7C688E1CE24EA1006CC694 /* Main.storyboard */; };
/* End PBXBuildFile section */

/* Begin PBXFileReference section */
		9F7C68791CE24D62006CC694 /* Mission Breifing Swift.app */ = {isa = PBXFileReference; explicitFileType = wrapper.application; includeInIndex = 0; path = "Mission Breifing Swift.app"; sourceTree = BUILT_PRODUCTS_DIR; };
		9F7C687C1CE24D62006CC694 /* AppDelegate.swift */ = {isa = PBXFileReference; lastKnownFileType = sourcecode.swift; path = AppDelegate.swift; sourceTree = "<group>"; };
		9F7C687E1CE24D62006CC694 /* ViewController.swift */ = {isa = PBXFileReference; lastKnownFileType = sourcecode.swift; path = ViewController.swift; sourceTree = "<group>"; };
		9F7C68831CE24D62006CC694 /* Assets.xcassets */ = {isa = PBXFileReference; lastKnownFileType = folder.assetcatalog; path = Assets.xcassets; sourceTree = "<group>"; };
		9F7C68861CE24D62006CC694 /* Base */ = {isa = PBXFileReference; lastKnownFileType = file.storyboard; name = Base; path = Base.lproj/LaunchScreen.storyboard; sourceTree = "<group>"; };
		9F7C68881CE24D62006CC694 /* Info.plist */ = {isa = PBXFileReference; lastKnownFileType = text.plist.xml; path = Info.plist; sourceTree = "<group>"; };
		9F7C688F1CE24EA1006CC694 /* Base */ = {isa = PBXFileReference; lastKnownFileType = file.storyboard; name = Base; path = "../../Mission-Briefing/Mission Briefing/Base.lproj/Main.storyboard"; sourceTree = "<group>"; };
/* End PBXFileReference section */

/* Begin PBXFrameworksBuildPhase section */
		9F7C68761CE24D62006CC694 /* Frameworks */ = {
			isa = PBXFrameworksBuildPhase;
			buildActionMask = 2147483647;
			files = (
			);
			runOnlyForDeploymentPostprocessing = 0;
		};
/* End PBXFrameworksBuildPhase section */

/* Begin PBXGroup section */
		9F7C68701CE24D62006CC694 = {
			isa = PBXGroup;
			children = (
				9F7C687B1CE24D62006CC694 /* Mission Breifing Swift */,
				9F7C687A1CE24D62006CC694 /* Products */,
			);
			sourceTree = "<group>";
		};
		9F7C687A1CE24D62006CC694 /* Products */ = {
			isa = PBXGroup;
			children = (
				9F7C68791CE24D62006CC694 /* Mission Breifing Swift.app */,
			);
			name = Products;
			sourceTree = "<group>";
		};
		9F7C687B1CE24D62006CC694 /* Mission Breifing Swift */ = {
			isa = PBXGroup;
			children = (
				9F7C687C1CE24D62006CC694 /* AppDelegate.swift */,
				9F7C687E1CE24D62006CC694 /* ViewController.swift */,
				9F7C688E1CE24EA1006CC694 /* Main.storyboard */,
				9F7C68831CE24D62006CC694 /* Assets.xcassets */,
				9F7C68851CE24D62006CC694 /* LaunchScreen.storyboard */,
				9F7C68881CE24D62006CC694 /* Info.plist */,
			);
			path = "Mission Breifing Swift";
			sourceTree = "<group>";
		};
/* End PBXGroup section */

/* Begin PBXNativeTarget section */
		9F7C68781CE24D62006CC694 /* Mission Breifing Swift */ = {
			isa = PBXNativeTarget;
			buildConfigurationList = 9F7C688B1CE24D62006CC694 /* Build configuration list for PBXNativeTarget "Mission Breifing Swift" */;
			buildPhases = (
				9F7C68751CE24D62006CC694 /* Sources */,
				9F7C68761CE24D62006CC694 /* Frameworks */,
				9F7C68771CE24D62006CC694 /* Resources */,
			);
			buildRules = (
			);
			dependencies = (
			);
			name = "Mission Breifing Swift";
			productName = "Mission Breifing Swift";
			productReference = 9F7C68791CE24D62006CC694 /* Mission Breifing Swift.app */;
			productType = "com.apple.product-type.application";
		};
/* End PBXNativeTarget section */

/* Begin PBXProject section */
		9F7C68711CE24D62006CC694 /* Project object */ = {
			isa = PBXProject;
			attributes = {
				LastSwiftUpdateCheck = 0730;
				LastUpgradeCheck = 0730;
				ORGANIZATIONNAME = "Allen Spicer";
				TargetAttributes = {
					9F7C68781CE24D62006CC694 = {
						CreatedOnToolsVersion = 7.3;
						DevelopmentTeam = QS2H85Z9GF;
					};
				};
			};
			buildConfigurationList = 9F7C68741CE24D62006CC694 /* Build configuration list for PBXProject "Mission Breifing Swift" */;
			compatibilityVersion = "Xcode 3.2";
			developmentRegion = English;
			hasScannedForEncodings = 0;
			knownRegions = (
				en,
				Base,
			);
			mainGroup = 9F7C68701CE24D62006CC694;
			productRefGroup = 9F7C687A1CE24D62006CC694 /* Products */;
			projectDirPath = "";
			projectRoot = "";
			targets = (
				9F7C68781CE24D62006CC694 /* Mission Breifing Swift */,
			);
		};
/* End PBXProject section */

/* Begin PBXResourcesBuildPhase section */
		9F7C68771CE24D62006CC694 /* Resources */ = {
			isa = PBXResourcesBuildPhase;
			buildActionMask = 2147483647;
			files = (
				9F7C68901CE24EA1006CC694 /* Main.storyboard in Resources */,
				9F7C68871CE24D62006CC694 /* LaunchScreen.storyboard in Resources */,
				9F7C68841CE24D62006CC694 /* Assets.xcassets in Resources */,
			);
			runOnlyForDeploymentPostprocessing = 0;
		};
/* End PBXResourcesBuildPhase section */

/* Begin PBXSourcesBuildPhase section */
		9F7C68751CE24D62006CC694 /* Sources */ = {
			isa = PBXSourcesBuildPhase;
			buildActionMask = 2147483647;
			files = (
				9F7C687F1CE24D62006CC694 /* ViewController.swift in Sources */,
				9F7C687D1CE24D62006CC694 /* AppDelegate.swift in Sources */,
			);
			runOnlyForDeploymentPostprocessing = 0;
		};
/* End PBXSourcesBuildPhase section */

/* Begin PBXVariantGroup section */
		9F7C68851CE24D62006CC694 /* LaunchScreen.storyboard */ = {
			isa = PBXVariantGroup;
			children = (
				9F7C68861CE24D62006CC694 /* Base */,
			);
			name = LaunchScreen.storyboard;
			sourceTree = "<group>";
		};
		9F7C688E1CE24EA1006CC694 /* Main.storyboard */ = {
			isa = PBXVariantGroup;
			children = (
				9F7C688F1CE24EA1006CC694 /* Base */,
			);
			name = Main.storyboard;
			sourceTree = "<group>";
		};
/* End PBXVariantGroup section */

/* Begin XCBuildConfiguration section */
		9F7C68891CE24D62006CC694 /* Debug */ = {
			isa = XCBuildConfiguration;
			buildSettings = {
				ALWAYS_SEARCH_USER_PATHS = NO;
				CLANG_ANALYZER_NONNULL = YES;
				CLANG_CXX_LANGUAGE_STANDARD = "gnu++0x";
				CLANG_CXX_LIBRARY = "libc++";
				CLANG_ENABLE_MODULES = YES;
				CLANG_ENABLE_OBJC_ARC = YES;
				CLANG_WARN_BOOL_CONVERSION = YES;
				CLANG_WARN_CONSTANT_CONVERSION = YES;
				CLANG_WARN_DIRECT_OBJC_ISA_USAGE = YES_ERROR;
				CLANG_WARN_EMPTY_BODY = YES;
				CLANG_WARN_ENUM_CONVERSION = YES;
				CLANG_WARN_INT_CONVERSION = YES;
				CLANG_WARN_OBJC_ROOT_CLASS = YES_ERROR;
				CLANG_WARN_UNREACHABLE_CODE = YES;
				CLANG_WARN__DUPLICATE_METHOD_MATCH = YES;
				"CODE_SIGN_IDENTITY[sdk=iphoneos*]" = "iPhone Developer";
				COPY_PHASE_STRIP = NO;
				DEBUG_INFORMATION_FORMAT = dwarf;
				ENABLE_STRICT_OBJC_MSGSEND = YES;
				ENABLE_TESTABILITY = YES;
				GCC_C_LANGUAGE_STANDARD = gnu99;
				GCC_DYNAMIC_NO_PIC = NO;
				GCC_NO_COMMON_BLOCKS = YES;
				GCC_OPTIMIZATION_LEVEL = 0;
				GCC_PREPROCESSOR_DEFINITIONS = (
					"DEBUG=1",
					"$(inherited)",
				);
				GCC_WARN_64_TO_32_BIT_CONVERSION = YES;
				GCC_WARN_ABOUT_RETURN_TYPE = YES_ERROR;
				GCC_WARN_UNDECLARED_SELECTOR = YES;
				GCC_WARN_UNINITIALIZED_AUTOS = YES_AGGRESSIVE;
				GCC_WARN_UNUSED_FUNCTION = YES;
				GCC_WARN_UNUSED_VARIABLE = YES;
				IPHONEOS_DEPLOYMENT_TARGET = 9.3;
				MTL_ENABLE_DEBUG_INFO = YES;
				ONLY_ACTIVE_ARCH = YES;
				SDKROOT = iphoneos;
				SWIFT_OPTIMIZATION_LEVEL = "-Onone";
				TARGETED_DEVICE_FAMILY = "1,2";
			};
			name = Debug;
		};
		9F7C688A1CE24D62006CC694 /* Release */ = {
			isa = XCBuildConfiguration;
			buildSettings = {
				ALWAYS_SEARCH_USER_PATHS = NO;
				CLANG_ANALYZER_NONNULL = YES;
				CLANG_CXX_LANGUAGE_STANDARD = "gnu++0x";
				CLANG_CXX_LIBRARY = "libc++";
				CLANG_ENABLE_MODULES = YES;
				CLANG_ENABLE_OBJC_ARC = YES;
				CLANG_WARN_BOOL_CONVERSION = YES;
				CLANG_WARN_CONSTANT_CONVERSION = YES;
				CLANG_WARN_DIRECT_OBJC_ISA_USAGE = YES_ERROR;
				CLANG_WARN_EMPTY_BODY = YES;
				CLANG_WARN_ENUM_CONVERSION = YES;
				CLANG_WARN_INT_CONVERSION = YES;
				CLANG_WARN_OBJC_ROOT_CLASS = YES_ERROR;
				CLANG_WARN_UNREACHABLE_CODE = YES;
				CLANG_WARN__DUPLICATE_METHOD_MATCH = YES;
				"CODE_SIGN_IDENTITY[sdk=iphoneos*]" = "iPhone Developer";
				COPY_PHASE_STRIP = NO;
				DEBUG_INFORMATION_FORMAT = "dwarf-with-dsym";
				ENABLE_NS_ASSERTIONS = NO;
				ENABLE_STRICT_OBJC_MSGSEND = YES;
				GCC_C_LANGUAGE_STANDARD = gnu99;
				GCC_NO_COMMON_BLOCKS = YES;
				GCC_WARN_64_TO_32_BIT_CONVERSION = YES;
				GCC_WARN_ABOUT_RETURN_TYPE = YES_ERROR;
				GCC_WARN_UNDECLARED_SELECTOR = YES;
				GCC_WARN_UNINITIALIZED_AUTOS = YES_AGGRESSIVE;
				GCC_WARN_UNUSED_FUNCTION = YES;
				GCC_WARN_UNUSED_VARIABLE = YES;
				IPHONEOS_DEPLOYMENT_TARGET = 9.3;
				MTL_ENABLE_DEBUG_INFO = NO;
				SDKROOT = iphoneos;
				TARGETED_DEVICE_FAMILY = "1,2";
				VALIDATE_PRODUCT = YES;
			};
			name = Release;
		};
		9F7C688C1CE24D62006CC694 /* Debug */ = {
			isa = XCBuildConfiguration;
			buildSettings = {
				ASSETCATALOG_COMPILER_APPICON_NAME = AppIcon;
				INFOPLIST_FILE = "Mission Breifing Swift/Info.plist";
				LD_RUNPATH_SEARCH_PATHS = "$(inherited) @executable_path/Frameworks";
				PRODUCT_BUNDLE_IDENTIFIER = "com.Trial.Mission-Breifing-Swift";
				PRODUCT_NAME = "$(TARGET_NAME)";
			};
			name = Debug;
		};
		9F7C688D1CE24D62006CC694 /* Release */ = {
			isa = XCBuildConfiguration;
			buildSettings = {
				ASSETCATALOG_COMPILER_APPICON_NAME = AppIcon;
				INFOPLIST_FILE = "Mission Breifing Swift/Info.plist";
				LD_RUNPATH_SEARCH_PATHS = "$(inherited) @executable_path/Frameworks";
				PRODUCT_BUNDLE_IDENTIFIER = "com.Trial.Mission-Breifing-Swift";
				PRODUCT_NAME = "$(TARGET_NAME)";
			};
			name = Release;
		};
/* End XCBuildConfiguration section */

/* Begin XCConfigurationList section */
		9F7C68741CE24D62006CC694 /* Build configuration list for PBXProject "Mission Breifing Swift" */ = {
			isa = XCConfigurationList;
			buildConfigurations = (
				9F7C68891CE24D62006CC694 /* Debug */,
				9F7C688A1CE24D62006CC694 /* Release */,
			);
			defaultConfigurationIsVisible = 0;
			defaultConfigurationName = Release;
		};
		9F7C688B1CE24D62006CC694 /* Build configuration list for PBXNativeTarget "Mission Breifing Swift" */ = {
			isa = XCConfigurationList;
			buildConfigurations = (
				9F7C688C1CE24D62006CC694 /* Debug */,
				9F7C688D1CE24D62006CC694 /* Release */,
			);
			defaultConfigurationIsVisible = 0;
			defaultConfigurationName = Release;
		};
/* End XCConfigurationList section */
	};
	rootObject = 9F7C68711CE24D62006CC694 /* Project object */;
}
